
Microsoft Visual Studio Solution File, Format Version 12.00
# Visual Studio Version 17
VisualStudioVersion = 17.2.32516.85
MinimumVisualStudioVersion = 10.0.40219.1
Project("{FAE04EC0-301F-11D3-BF4B-00C04F79EFBC}") = "SeleniumQuiz", "SeleniumQuiz\SeleniumQuiz.csproj", "{934313E1-5738-4792-9D90-A98C6AB368C7}"
EndProject
Global
	GlobalSection(SolutionConfigurationPlatforms) = preSolution
		Debug|Any CPU = Debug|Any CPU
		Release|Any CPU = Release|Any CPU
	EndGlobalSection
	GlobalSection(ProjectConfigurationPlatforms) = postSolution
		{934313E1-5738-4792-9D90-A98C6AB368C7}.Debug|Any CPU.ActiveCfg = Debug|Any CPU
		{934313E1-5738-4792-9D90-A98C6AB368C7}.Debug|Any CPU.Build.0 = Debug|Any CPU
		{934313E1-5738-4792-9D90-A98C6AB368C7}.Release|Any CPU.ActiveCfg = Release|Any CPU
		{934313E1-5738-4792-9D90-A98C6AB368C7}.Release|Any CPU.Build.0 = Release|Any CPU
	EndGlobalSection
	GlobalSection(SolutionProperties) = preSolution
		HideSolutionNode = FALSE
	EndGlobalSection
	GlobalSection(ExtensibilityGlobals) = postSolution
		SolutionGuid = {1179ADF0-A25C-49DB-9D0D-9E247AC5DDED}
	EndGlobalSection
EndGlobal
